
Microsoft Visual Studio Solution File, Format Version 12.00
# Visual Studio Version 17
VisualStudioVersion = 17.14.37012.4 d17.14
MinimumVisualStudioVersion = 10.0.40219.1
Project("{FAE04EC0-301F-11D3-BF4B-00C04F79EFBC}") = "MediaBizzare", "MediaBizzare\MediaBizzare.csproj", "{30A2C99B-DE36-4D5A-81D4-21F049E65F28}"
EndProject
Global
	GlobalSection(SolutionConfigurationPlatforms) = preSolution
		Debug|Any CPU = Debug|Any CPU
		Release|Any CPU = Release|Any CPU
	EndGlobalSection
	GlobalSection(ProjectConfigurationPlatforms) = postSolution
		{30A2C99B-DE36-4D5A-81D4-21F049E65F28}.Debug|Any CPU.ActiveCfg = Debug|Any CPU
		{30A2C99B-DE36-4D5A-81D4-21F049E65F28}.Debug|Any CPU.Build.0 = Debug|Any CPU
		{30A2C99B-DE36-4D5A-81D4-21F049E65F28}.Release|Any CPU.ActiveCfg = Release|Any CPU
		{30A2C99B-DE36-4D5A-81D4-21F049E65F28}.Release|Any CPU.Build.0 = Release|Any CPU
	EndGlobalSection
	GlobalSection(SolutionProperties) = preSolution
		HideSolutionNode = FALSE
	EndGlobalSection
	GlobalSection(ExtensibilityGlobals) = postSolution
		SolutionGuid = {210BA143-3185-4864-BEED-31566A149F6A}
	EndGlobalSection
EndGlobal
