Microsoft Visual Studio Solution File, Format Version 12.00
# Visual Studio Version 17
VisualStudioVersion = 17.5.2.0
MinimumVisualStudioVersion = 10.0.40219.1
Project("{FAE04EC0-301F-11D3-BF4B-00C04F79EFBC}") = "MediaBizzare", "MediaBizzare.csproj", "{13D737D5-56F8-B1BB-21D1-30A52AEF22B8}"
EndProject
Global
	GlobalSection(SolutionConfigurationPlatforms) = preSolution
		Debug|Any CPU = Debug|Any CPU
		Release|Any CPU = Release|Any CPU
	EndGlobalSection
	GlobalSection(ProjectConfigurationPlatforms) = postSolution
		{13D737D5-56F8-B1BB-21D1-30A52AEF22B8}.Debug|Any CPU.ActiveCfg = Debug|Any CPU
		{13D737D5-56F8-B1BB-21D1-30A52AEF22B8}.Debug|Any CPU.Build.0 = Debug|Any CPU
		{13D737D5-56F8-B1BB-21D1-30A52AEF22B8}.Release|Any CPU.ActiveCfg = Release|Any CPU
		{13D737D5-56F8-B1BB-21D1-30A52AEF22B8}.Release|Any CPU.Build.0 = Release|Any CPU
	EndGlobalSection
	GlobalSection(SolutionProperties) = preSolution
		HideSolutionNode = FALSE
	EndGlobalSection
	GlobalSection(ExtensibilityGlobals) = postSolution
		SolutionGuid = {421BFB3A-8F33-4E43-8B29-3E52D54AD685}
	EndGlobalSection
EndGlobal
